{
    "_readme": [
        "This file locks the dependencies of your project to a known state",
        "Read more about it at https://getcomposer.org/doc/01-basic-usage.md#installing-dependencies",
        "This file is @generated automatically"
    ],
    "content-hash": "56827092120ee0083ce19251eae219e3",
    "packages": [
        {
            "name": "gotyefrid/melkoframework-core",
            "version": "v0.0.3",
            "source": {
                "type": "git",
                "url": "https://github.com/gotyefrid/melkoframework-core.git",
                "reference": "24ea99f528f2a2a2db7b6f2c15a5df3566356bc9"
            },
            "dist": {
                "type": "zip",
                "url": "https://api.github.com/repos/gotyefrid/melkoframework-core/zipball/24ea99f528f2a2a2db7b6f2c15a5df3566356bc9",
                "reference": "24ea99f528f2a2a2db7b6f2c15a5df3566356bc9",
                "shasum": ""
            },
            "require": {
                "php": ">=7.4"
            },
            "type": "library",
            "autoload": {
                "psr-4": {
                    "Gotyefrid\\MelkoframeworkCore\\": "src/"
                }
            },
            "notification-url": "https://packagist.org/downloads/",
            "license": [
                "MIT"
            ],
            "authors": [
                {
                    "name": "MeL",
                    "email": "gotye.f@yandex.ru"
                }
            ],
            "description": "Mini framework with a basic architecture that can be run on any PHP hosting",
            "support": {
                "issues": "https://github.com/gotyefrid/melkoframework-core/issues",
                "source": "https://github.com/gotyefrid/melkoframework-core/tree/v0.0.3"
            },
            "time": "2024-11-16T20:19:15+00:00"
        }
    ],
    "packages-dev": [],
    "aliases": [],
    "minimum-stability": "stable",
    "stability-flags": [],
    "prefer-stable": false,
    "prefer-lowest": false,
    "platform": {
        "php": ">=7.4",
        "ext-pdo": "*"
    },
    "platform-dev": [],
    "plugin-api-version": "2.6.0"
}
